# This file is automatically @generated by Cargo.
# It is not intended for manual editing.
version = 4

[[package]]
name = "game-items"
version = "0.1.0"
dependencies = [
 "script-sdk-2",
]

[[package]]
name = "game-pets"
version = "0.1.0"
dependencies = [
 "script-sdk-2",
]

[[package]]
name = "game-systems"
version = "0.1.0"
dependencies = [
 "script-sdk-2",
 "serde",
 "serde_json",
]

[[package]]
name = "itoa"
version = "1.0.18"
source = "registry+https://github.com/rust-lang/crates.io-index"
checksum = "8f42a60cbdf9a97f5d2305f08a87dc4e09308d1276d28c869c684d7777685682"

[[package]]
name = "jobs_misc"
version = "0.1.0"
dependencies = [
 "script-sdk-2",
 "shared",
]

[[package]]
name = "jobs_pre_re_jobs_misc"
version = "0.1.0"
dependencies = [
 "script-sdk-2",
 "shared",
]

[[package]]
name = "jobs_pre_re_jobs_novice"
version = "0.1.0"
dependencies = [
 "script-sdk-2",
 "shared",
]

[[package]]
name = "jobs_pre_re_jobs_s_1_1"
version = "0.1.0"
dependencies = [
 "script-sdk-2",
 "shared",
]

[[package]]
name = "jobs_s_1_1e"
version = "0.1.0"
dependencies = [
 "script-sdk-2",
 "shared",
]

[[package]]
name = "jobs_s_2_1_assassin"
version = "0.1.0"
dependencies = [
 "script-sdk-2",
 "shared",
]

[[package]]
name = "jobs_s_2_1_hunter"
version = "0.1.0"
dependencies = [
 "script-sdk-2",
 "shared",
]

[[package]]
name = "jobs_s_2_1_knight"
version = "0.1.0"
dependencies = [
 "script-sdk-2",
 "shared",
]

[[package]]
name = "jobs_s_2_1_misc"
version = "0.1.0"
dependencies = [
 "script-sdk-2",
 "shared",
]

[[package]]
name = "jobs_s_2_1_priest"
version = "0.1.0"
dependencies = [
 "script-sdk-2",
 "shared",
]

[[package]]
name = "jobs_s_2_1_wizard"
version = "0.1.0"
dependencies = [
 "script-sdk-2",
 "shared",
]

[[package]]
name = "jobs_s_2_1e"
version = "0.1.0"
dependencies = [
 "script-sdk-2",
 "shared",
]

[[package]]
name = "jobs_s_2_2_crusader"
version = "0.1.0"
dependencies = [
 "script-sdk-2",
 "shared",
]

[[package]]
name = "jobs_s_2_2_misc"
version = "0.1.0"
dependencies = [
 "script-sdk-2",
 "shared",
]

[[package]]
name = "jobs_s_2_2_monk"
version = "0.1.0"
dependencies = [
 "script-sdk-2",
 "shared",
]

[[package]]
name = "jobs_s_2_2_rogue"
version = "0.1.0"
dependencies = [
 "script-sdk-2",
 "shared",
]

[[package]]
name = "jobs_s_2_2_sage"
version = "0.1.0"
dependencies = [
 "script-sdk-2",
 "shared",
]

[[package]]
name = "memchr"
version = "2.8.3"
source = "registry+https://github.com/rust-lang/crates.io-index"
checksum = "cf8baf1c55e62ffcace7a9f06f4bd9cd3f0c4beb022d3b367256b91b87513d98"

[[package]]
name = "misc_events_gdevent_aru"
version = "0.1.0"
dependencies = [
 "script-sdk-2",
 "shared",
]

[[package]]
name = "misc_events_gdevent_sch"
version = "0.1.0"
dependencies = [
 "script-sdk-2",
 "shared",
]

[[package]]
name = "misc_events_misc_1"
version = "0.1.0"
dependencies = [
 "script-sdk-2",
 "shared",
]

[[package]]
name = "misc_events_misc_2"
version = "0.1.0"
dependencies = [
 "script-sdk-2",
 "shared",
]

[[package]]
name = "misc_events_nguild"
version = "0.1.0"
dependencies = [
 "script-sdk-2",
 "shared",
]

[[package]]
name = "misc_instances_endlesstower"
version = "0.1.0"
dependencies = [
 "script-sdk-2",
 "shared",
]

[[package]]
name = "misc_instances_misc"
version = "0.1.0"
dependencies = [
 "script-sdk-2",
 "shared",
]

[[package]]
name = "misc_instances_nydhoggsnest"
version = "0.1.0"
dependencies = [
 "script-sdk-2",
 "shared",
]

[[package]]
name = "misc_instances_sealedshrine"
version = "0.1.0"
dependencies = [
 "script-sdk-2",
 "shared",
]

[[package]]
name = "misc_other_arena_aco"
version = "0.1.0"
dependencies = [
 "script-sdk-2",
 "shared",
]

[[package]]
name = "misc_other_arena_lvl50"
version = "0.1.0"
dependencies = [
 "script-sdk-2",
 "shared",
]

[[package]]
name = "misc_other_arena_lvl60"
version = "0.1.0"
dependencies = [
 "script-sdk-2",
 "shared",
]

[[package]]
name = "misc_other_arena_lvl70"
version = "0.1.0"
dependencies = [
 "script-sdk-2",
 "shared",
]

[[package]]
name = "misc_other_arena_lvl80"
version = "0.1.0"
dependencies = [
 "script-sdk-2",
 "shared",
]

[[package]]
name = "misc_other_arena_misc"
version = "0.1.0"
dependencies = [
 "script-sdk-2",
 "shared",
]

[[package]]
name = "misc_other_arena_party"
version = "0.1.0"
dependencies = [
 "script-sdk-2",
 "shared",
]

[[package]]
name = "misc_other_books"
version = "0.1.0"
dependencies = [
 "script-sdk-2",
 "shared",
]

[[package]]
name = "misc_other_fortune"
version = "0.1.0"
dependencies = [
 "script-sdk-2",
 "shared",
]

[[package]]
name = "misc_other_misc"
version = "0.1.0"
dependencies = [
 "script-sdk-2",
 "shared",
]

[[package]]
name = "misc_other_monster_race"
version = "0.1.0"
dependencies = [
 "script-sdk-2",
 "shared",
]

[[package]]
name = "misc_other_poring_war"
version = "0.1.0"
dependencies = [
 "script-sdk-2",
 "shared",
]

[[package]]
name = "misc_other_turbo_track"
version = "0.1.0"
dependencies = [
 "script-sdk-2",
 "shared",
]

[[package]]
name = "misc_pre_re"
version = "0.1.0"
dependencies = [
 "script-sdk-2",
 "shared",
]

[[package]]
name = "proc-macro2"
version = "1.0.107"
source = "registry+https://github.com/rust-lang/crates.io-index"
checksum = "985e7ec9bb745e6ce6535b544d84d6cd6f7ad8bd711c398938ae983b91a766d9"
dependencies = [
 "unicode-ident",
]

[[package]]
name = "quests_13_1"
version = "0.1.0"
dependencies = [
 "script-sdk-2",
 "shared",
]

[[package]]
name = "quests_13_2"
version = "0.1.0"
dependencies = [
 "script-sdk-2",
 "shared",
]

[[package]]
name = "quests_airship"
version = "0.1.0"
dependencies = [
 "script-sdk-2",
 "shared",
]

[[package]]
name = "quests_alberta"
version = "0.1.0"
dependencies = [
 "script-sdk-2",
 "shared",
]

[[package]]
name = "quests_amatsu"
version = "0.1.0"
dependencies = [
 "script-sdk-2",
 "shared",
]

[[package]]
name = "quests_ayothaya"
version = "0.1.0"
dependencies = [
 "script-sdk-2",
 "shared",
]

[[package]]
name = "quests_bard_quest"
version = "0.1.0"
dependencies = [
 "script-sdk-2",
 "shared",
]

[[package]]
name = "quests_brasilis"
version = "0.1.0"
dependencies = [
 "script-sdk-2",
 "shared",
]

[[package]]
name = "quests_comodo"
version = "0.1.0"
dependencies = [
 "script-sdk-2",
 "shared",
]

[[package]]
name = "quests_cooking_quest"
version = "0.1.0"
dependencies = [
 "script-sdk-2",
 "shared",
]

[[package]]
name = "quests_dandelion_request"
version = "0.1.0"
dependencies = [
 "script-sdk-2",
 "shared",
]

[[package]]
name = "quests_ein"
version = "0.1.0"
dependencies = [
 "script-sdk-2",
 "shared",
]

[[package]]
name = "quests_eye_of_hellion"
version = "0.1.0"
dependencies = [
 "script-sdk-2",
 "shared",
]

[[package]]
name = "quests_first_class_misc"
version = "0.1.0"
dependencies = [
 "script-sdk-2",
 "shared",
]

[[package]]
name = "quests_first_class_tu_sword"
version = "0.1.0"
dependencies = [
 "script-sdk-2",
 "shared",
]

[[package]]
name = "quests_gonryun"
version = "0.1.0"
dependencies = [
 "script-sdk-2",
 "shared",
]

[[package]]
name = "quests_guildrelay"
version = "0.1.0"
dependencies = [
 "script-sdk-2",
 "shared",
]

[[package]]
name = "quests_hugel"
version = "0.1.0"
dependencies = [
 "script-sdk-2",
 "shared",
]

[[package]]
name = "quests_juperos"
version = "0.1.0"
dependencies = [
 "script-sdk-2",
 "shared",
]

[[package]]
name = "quests_kiel_hyre_quest"
version = "0.1.0"
dependencies = [
 "script-sdk-2",
 "shared",
]

[[package]]
name = "quests_lighthalzen"
version = "0.1.0"
dependencies = [
 "script-sdk-2",
 "shared",
]

[[package]]
name = "quests_louyang"
version = "0.1.0"
dependencies = [
 "script-sdk-2",
 "shared",
]

[[package]]
name = "quests_lvl4_weapon_quest"
version = "0.1.0"
dependencies = [
 "script-sdk-2",
 "shared",
]

[[package]]
name = "quests_misc_1"
version = "0.1.0"
dependencies = [
 "script-sdk-2",
 "shared",
]

[[package]]
name = "quests_misc_2"
version = "0.1.0"
dependencies = [
 "script-sdk-2",
 "shared",
]

[[package]]
name = "quests_morocc"
version = "0.1.0"
dependencies = [
 "script-sdk-2",
 "shared",
]

[[package]]
name = "quests_moscovia"
version = "0.1.0"
dependencies = [
 "script-sdk-2",
 "shared",
]

[[package]]
name = "quests_nameless"
version = "0.1.0"
dependencies = [
 "script-sdk-2",
 "shared",
]

[[package]]
name = "quests_newgears_misc"
version = "0.1.0"
dependencies = [
 "script-sdk-2",
 "shared",
]

[[package]]
name = "quests_newgears_s_2004_headgears"
version = "0.1.0"
dependencies = [
 "script-sdk-2",
 "shared",
]

[[package]]
name = "quests_newgears_s_2005_headgears"
version = "0.1.0"
dependencies = [
 "script-sdk-2",
 "shared",
]

[[package]]
name = "quests_obb_quest"
version = "0.1.0"
dependencies = [
 "script-sdk-2",
 "shared",
]

[[package]]
name = "quests_okolnir"
version = "0.1.0"
dependencies = [
 "script-sdk-2",
 "shared",
]

[[package]]
name = "quests_partyrelay"
version = "0.1.0"
dependencies = [
 "script-sdk-2",
 "shared",
]

[[package]]
name = "quests_pre_re_quests_collection"
version = "0.1.0"
dependencies = [
 "script-sdk-2",
 "shared",
]

[[package]]
name = "quests_pre_re_quests_misc"
version = "0.1.0"
dependencies = [
 "script-sdk-2",
 "shared",
]

[[package]]
name = "quests_pre_re_quests_morocc"
version = "0.1.0"
dependencies = [
 "script-sdk-2",
 "shared",
]

[[package]]
name = "quests_prontera"
version = "0.1.0"
dependencies = [
 "script-sdk-2",
 "shared",
]

[[package]]
name = "quests_rachel"
version = "0.1.0"
dependencies = [
 "script-sdk-2",
 "shared",
]

[[package]]
name = "quests_seals_brisingamen_seal"
version = "0.1.0"
dependencies = [
 "script-sdk-2",
 "shared",
]

[[package]]
name = "quests_seals_megingard_seal"
version = "0.1.0"
dependencies = [
 "script-sdk-2",
 "shared",
]

[[package]]
name = "quests_seals_misc"
version = "0.1.0"
dependencies = [
 "script-sdk-2",
 "shared",
]

[[package]]
name = "quests_seals_mjolnir_seal"
version = "0.1.0"
dependencies = [
 "script-sdk-2",
 "shared",
]

[[package]]
name = "quests_skills_alchemist_skills"
version = "0.1.0"
dependencies = [
 "script-sdk-2",
 "shared",
]

[[package]]
name = "quests_skills_misc_1"
version = "0.1.0"
dependencies = [
 "script-sdk-2",
 "shared",
]

[[package]]
name = "quests_skills_misc_2"
version = "0.1.0"
dependencies = [
 "script-sdk-2",
 "shared",
]

[[package]]
name = "quests_thana_quest"
version = "0.1.0"
dependencies = [
 "script-sdk-2",
 "shared",
]

[[package]]
name = "quests_the_sign_quest"
version = "0.1.0"
dependencies = [
 "script-sdk-2",
 "shared",
]

[[package]]
name = "quests_veins"
version = "0.1.0"
dependencies = [
 "script-sdk-2",
 "shared",
]

[[package]]
name = "quote"
version = "1.0.47"
source = "registry+https://github.com/rust-lang/crates.io-index"
checksum = "1fbf4db142a473a8d80c26bbf18454ed458bf8d26c8219c331daecfdbd079001"
dependencies = [
 "proc-macro2",
]

[[package]]
name = "script-sdk"
version = "0.1.0"
dependencies = [
 "serde",
 "serde_json",
]

[[package]]
name = "script-sdk-2"
version = "0.1.0"
dependencies = [
 "script-sdk",
 "serde_json",
]

[[package]]
name = "serde"
version = "1.0.229"
source = "registry+https://github.com/rust-lang/crates.io-index"
checksum = "4148590afebada386688f18773da617792bf2ef03ffc1e4cbd2b1d45b023e0ba"
dependencies = [
 "serde_core",
 "serde_derive",
]

[[package]]
name = "serde_core"
version = "1.0.229"
source = "registry+https://github.com/rust-lang/crates.io-index"
checksum = "67dca2c9c51e58a4791a4b1ed58308b39c64224d349a935ab5039aa360942a48"
dependencies = [
 "serde_derive",
]

[[package]]
name = "serde_derive"
version = "1.0.229"
source = "registry+https://github.com/rust-lang/crates.io-index"
checksum = "e7a5d71263a5a7d47b41f6b3f06ba276f10cc18b0931f1799f710578e2309348"
dependencies = [
 "proc-macro2",
 "quote",
 "syn",
]

[[package]]
name = "serde_json"
version = "1.0.152"
source = "registry+https://github.com/rust-lang/crates.io-index"
checksum = "1741ab7a6cc54a03a89b5d563ed60075c277d9e3cfa73ad0c1f23f23974703c6"
dependencies = [
 "itoa",
 "memchr",
 "serde",
 "serde_core",
 "zmij",
]

[[package]]
name = "shared"
version = "0.1.0"
dependencies = [
 "script-sdk-2",
]

[[package]]
name = "syn"
version = "3.0.7"
source = "registry+https://github.com/rust-lang/crates.io-index"
checksum = "d62a2e0561533f2ca2561d0cf27fd9fedb640a1bf2616ff5d5c80d99017faadc"
dependencies = [
 "proc-macro2",
 "quote",
 "unicode-ident",
]

[[package]]
name = "towns_airports"
version = "0.1.0"
dependencies = [
 "script-sdk-2",
 "shared",
]

[[package]]
name = "towns_cities_lighthalzen"
version = "0.1.0"
dependencies = [
 "script-sdk-2",
 "shared",
]

[[package]]
name = "towns_cities_misc_1"
version = "0.1.0"
dependencies = [
 "script-sdk-2",
 "shared",
]

[[package]]
name = "towns_cities_misc_2"
version = "0.1.0"
dependencies = [
 "script-sdk-2",
 "shared",
]

[[package]]
name = "towns_cities_misc_3"
version = "0.1.0"
dependencies = [
 "script-sdk-2",
 "shared",
]

[[package]]
name = "towns_kafras"
version = "0.1.0"
dependencies = [
 "script-sdk-2",
 "shared",
]

[[package]]
name = "towns_merchants_misc"
version = "0.1.0"
dependencies = [
 "script-sdk-2",
 "shared",
]

[[package]]
name = "towns_pre_re"
version = "0.1.0"
dependencies = [
 "script-sdk-2",
 "shared",
]

[[package]]
name = "unicode-ident"
version = "1.0.26"
source = "registry+https://github.com/rust-lang/crates.io-index"
checksum = "d245f478577f809a851594d02313b640fb437e0bb33866753cff937863096954"

[[package]]
name = "zmij"
version = "1.0.23"
source = "registry+https://github.com/rust-lang/crates.io-index"
checksum = "29666d0abbfad1e3dc4dcf6144730dd3a3ab225bbbdac83319345b1b44ccfc1b"
